github.com/charmbracelet/x/exp/slice v0.0.0-20250904123553-b4e2667e5ad5 h1:DTSZxdV9qQagD4iGcAt9RgaRBZtJl01bfKgdLzUzUPI=
github.com/charmbracelet/x/exp/slice v0.0.0-20250904123553-b4e2667e5ad5/go.mod h1:vI5nDVMWi6veaYH+0Fmvpbe/+cv/iJfMntdh+N0+Tms=
github.com/davecgh/go-spew v1.1.2-0.20180830191138-d8f796af33cc h1:U9qPSI2PIWSS1VwoXQT9A3Wy9MM3WgvqSxFWenqJduM=
github.com/davecgh/go-spew v1.1.2-0.20180830191138-d8f796af33cc/go.mod h1:J7Y8YcW2NihsgmVo/mv3lAwl/skON4iLHjSsI+c5H38=
github.com/go-json-experiment/json v0.0.0-20260214004413-d219187c3433 h1:vymEbVwYFP/L05h5TKQxvkXoKxNvTpjxYKdF1Nlwuao=
github.com/go-json-experiment/json v0.0.0-20260214004413-d219187c3433/go.mod h1:tphK2c80bpPhMOI4v6bIc2xWywPfbqi1Z06+RcrMkDg=
github.com/go-viper/mapstructure/v2 v2.5.0 h1:vM5IJoUAy3d7zRSVtIwQgBj7BiWtMPfmPEgAXnvj1Ro=
github.com/go-viper/mapstructure/v2 v2.5.0/go.mod h1:oJDH3BJKyqBA2TXFhDsKDGDTlndYOZ6rGS0BRZIxGhM=
github.com/goccy/go-yaml v1.19.2 h1:PmFC1S6h8ljIz6gMRBopkjP1TVT7xuwrButHID66PoM=
github.com/goccy/go-yaml v1.19.2/go.mod h1:XBurs7gK8ATbW4ZPGKgcbrY1Br56PdM69F7LkFRi1kA=
github.com/kaptinlin/go-i18n v0.2.12 h1:ywDsvb4KDFddMC2dpI/rrIzGU2mWUSvHmWUm9BMsdl4=
github.com/kaptinlin/go-i18n v0.2.12/go.mod h1:pVcu9qsW5pOIOoZFJXesRYmLos1vMQrby70JPAoWmJU=
github.com/kaptinlin/jsonpointer v0.4.17 h1:mY9k8ciWncxbsECyaxKnR0MdmxamNdp2tLQkAKVrtSk=
github.com/kaptinlin/jsonpointer v0.4.17/go.mod h1:SsfsjqnHG5zuKo1DTBzk1VknaHlL4osHw+X9kZKukpU=
github.com/kaptinlin/jsonschema v0.7.5 h1:jkK4a3NyzNoGlvu12CsL3IcqNMVa5sL51HPVa0nWcPY=
github.com/kaptinlin/jsonschema v0.7.5/go.mod h1:3gIWnptl+SWMyfMR2r4TXXd0xsQZ1m50AKrwmcUONSg=
github.com/kaptinlin/messageformat-go v0.4.18 h1:RBlHVWgZyoxTcUgGWBsl2AcyScq/urqbLZvzgryTmSI=
github.com/kaptinlin/messageformat-go v0.4.18/go.mod h1:ntI3154RnqJgr7GaC+vZBnIExl2V3sv9selvRNNEM24=
github.com/pelletier/go-toml/v2 v2.2.4 h1:mye9XuhQ6gvn5h28+VilKrrPoQVanw5PMw/TB0t5Ec4=
github.com/pelletier/go-toml/v2 v2.2.4/go.mod h1:2gIqNv+qfxSVS7cM2xJQKtLSTLUE9V8t9Stt+h56mCY=
github.com/pmezard/go-difflib v1.0.1-0.20181226105442-5d4384ee4fb2 h1:Jamvg5psRIccs7FGNTlIRMkT8wgtp5eCXdBlqhYGL6U=
github.com/pmezard/go-difflib v1.0.1-0.20181226105442-5d4384ee4fb2/go.mod h1:iKH77koFhYxTK1pcRnkKkqfTogsbg7gZNVY4sRDYZ/4=
github.com/stretchr/testify v1.11.1 h1:7s2iGBzp5EwR7/aIZr8ao5+dra3wiQyKjjFuvgVKu7U=
github.com/stretchr/testify v1.11.1/go.mod h1:wZwfW3scLgRK+23gO65QZefKpKQRnfz6sD981Nm4B6U=
github.com/tta-lab/fantasy v0.14.1-ttal h1:QFYGj0XsxE+Jrgf8oaLfYWBDLBml+hWirJgukauYcbo=
github.com/tta-lab/fantasy v0.14.1-ttal/go.mod h1:9L50Xe+Dvc23rjjOeas4Ez0jOd2NuiXSpqmPxBHQ3mQ=
github.com/tta-lab/temenos v0.2.1 h1:XqipY08BHtg/Wv2Y/8zB6AAcmFD0mBaB/PTIHmduXiA=
github.com/tta-lab/temenos v0.2.1/go.mod h1:3iC34EMHVaF9evvPyBJPNUDBPTeyLFKJPvG73CvOlME=
github.com/yuin/goldmark v1.7.16 h1:n+CJdUxaFMiDUNnWC3dMWCIQJSkxH4uz3ZwQBkAlVNE=
github.com/yuin/goldmark v1.7.16/go.mod h1:ip/1k0VRfGynBgxOz0yCqHrbZXhcjxyuS66Brc7iBKg=
golang.org/x/net v0.52.0 h1:He/TN1l0e4mmR3QqHMT2Xab3Aj3L9qjbhRm78/6jrW0=
golang.org/x/net v0.52.0/go.mod h1:R1MAz7uMZxVMualyPXb+VaqGSa3LIaUqk0eEt3w36Sw=
golang.org/x/text v0.35.0 h1:JOVx6vVDFokkpaq1AEptVzLTpDe9KGpj5tR4/X+ybL8=
golang.org/x/text v0.35.0/go.mod h1:khi/HExzZJ2pGnjenulevKNX1W67CUy0AsXcNubPGCA=
gopkg.in/check.v1 v0.0.0-20161208181325-20d25e280405 h1:yhCVgyC4o1eVCa2tZl7eS0r+SDo693bJlVdllGtEeKM=
gopkg.in/check.v1 v0.0.0-20161208181325-20d25e280405/go.mod h1:Co6ibVJAznAaIkqp8huTwlJQCZ016jof/cbN4VW5Yz0=
gopkg.in/yaml.v3 v3.0.1 h1:fxVm/GzAzEWqLHuvctI91KS9hhNmmWOoWu0XTYJS7CA=
gopkg.in/yaml.v3 v3.0.1/go.mod h1:K4uyk7z7BCEPqu6E+C64Yfv1cQ7kz7rIZviUmN+EgEM=
